
Microsoft Visual Studio Solution File, Format Version 12.00
# Visual Studio 15
VisualStudioVersion = 15.0.26124.0
MinimumVisualStudioVersion = 15.0.26124.0
Project("{FAE04EC0-301F-11D3-BF4B-00C04F79EFBC}") = "GroupBox.Client", "GroupBox.Client\GroupBox.Client.csproj", "{9349A76D-1EBB-40F0-B55B-CB906B9587DB}"
EndProject
Project("{FAE04EC0-301F-11D3-BF4B-00C04F79EFBC}") = "GroupBox.Data", "GroupBox.Data\GroupBox.Data.csproj", "{5730C6B4-4B31-4F1D-863A-842D528BF69F}"
EndProject
Project("{FAE04EC0-301F-11D3-BF4B-00C04F79EFBC}") = "GroupBox.Domain", "GroupBox.Domain\GroupBox.Domain.csproj", "{3EEDB5D5-F198-4FF6-BD25-74375AF094EF}"
EndProject
Project("{FAE04EC0-301F-11D3-BF4B-00C04F79EFBC}") = "GroupBox.Tests", "GroupBox.Tests\GroupBox.Tests.csproj", "{E80008B9-7631-44C9-B983-3627616E4CEC}"
EndProject
Global
	GlobalSection(SolutionConfigurationPlatforms) = preSolution
		Debug|Any CPU = Debug|Any CPU
		Debug|x64 = Debug|x64
		Debug|x86 = Debug|x86
		Release|Any CPU = Release|Any CPU
		Release|x64 = Release|x64
		Release|x86 = Release|x86
	EndGlobalSection
	GlobalSection(SolutionProperties) = preSolution
		HideSolutionNode = FALSE
	EndGlobalSection
	GlobalSection(ProjectConfigurationPlatforms) = postSolution
		{9349A76D-1EBB-40F0-B55B-CB906B9587DB}.Debug|Any CPU.ActiveCfg = Debug|Any CPU
		{9349A76D-1EBB-40F0-B55B-CB906B9587DB}.Debug|Any CPU.Build.0 = Debug|Any CPU
		{9349A76D-1EBB-40F0-B55B-CB906B9587DB}.Debug|x64.ActiveCfg = Debug|Any CPU
		{9349A76D-1EBB-40F0-B55B-CB906B9587DB}.Debug|x64.Build.0 = Debug|Any CPU
		{9349A76D-1EBB-40F0-B55B-CB906B9587DB}.Debug|x86.ActiveCfg = Debug|Any CPU
		{9349A76D-1EBB-40F0-B55B-CB906B9587DB}.Debug|x86.Build.0 = Debug|Any CPU
		{9349A76D-1EBB-40F0-B55B-CB906B9587DB}.Release|Any CPU.ActiveCfg = Release|Any CPU
		{9349A76D-1EBB-40F0-B55B-CB906B9587DB}.Release|Any CPU.Build.0 = Release|Any CPU
		{9349A76D-1EBB-40F0-B55B-CB906B9587DB}.Release|x64.ActiveCfg = Release|Any CPU
		{9349A76D-1EBB-40F0-B55B-CB906B9587DB}.Release|x64.Build.0 = Release|Any CPU
		{9349A76D-1EBB-40F0-B55B-CB906B9587DB}.Release|x86.ActiveCfg = Release|Any CPU
		{9349A76D-1EBB-40F0-B55B-CB906B9587DB}.Release|x86.Build.0 = Release|Any CPU
		{5730C6B4-4B31-4F1D-863A-842D528BF69F}.Debug|Any CPU.ActiveCfg = Debug|Any CPU
		{5730C6B4-4B31-4F1D-863A-842D528BF69F}.Debug|Any CPU.Build.0 = Debug|Any CPU
		{5730C6B4-4B31-4F1D-863A-842D528BF69F}.Debug|x64.ActiveCfg = Debug|Any CPU
		{5730C6B4-4B31-4F1D-863A-842D528BF69F}.Debug|x64.Build.0 = Debug|Any CPU
		{5730C6B4-4B31-4F1D-863A-842D528BF69F}.Debug|x86.ActiveCfg = Debug|Any CPU
		{5730C6B4-4B31-4F1D-863A-842D528BF69F}.Debug|x86.Build.0 = Debug|Any CPU
		{5730C6B4-4B31-4F1D-863A-842D528BF69F}.Release|Any CPU.ActiveCfg = Release|Any CPU
		{5730C6B4-4B31-4F1D-863A-842D528BF69F}.Release|Any CPU.Build.0 = Release|Any CPU
		{5730C6B4-4B31-4F1D-863A-842D528BF69F}.Release|x64.ActiveCfg = Release|Any CPU
		{5730C6B4-4B31-4F1D-863A-842D528BF69F}.Release|x64.Build.0 = Release|Any CPU
		{5730C6B4-4B31-4F1D-863A-842D528BF69F}.Release|x86.ActiveCfg = Release|Any CPU
		{5730C6B4-4B31-4F1D-863A-842D528BF69F}.Release|x86.Build.0 = Release|Any CPU
		{3EEDB5D5-F198-4FF6-BD25-74375AF094EF}.Debug|Any CPU.ActiveCfg = Debug|Any CPU
		{3EEDB5D5-F198-4FF6-BD25-74375AF094EF}.Debug|Any CPU.Build.0 = Debug|Any CPU
		{3EEDB5D5-F198-4FF6-BD25-74375AF094EF}.Debug|x64.ActiveCfg = Debug|Any CPU
		{3EEDB5D5-F198-4FF6-BD25-74375AF094EF}.Debug|x64.Build.0 = Debug|Any CPU
		{3EEDB5D5-F198-4FF6-BD25-74375AF094EF}.Debug|x86.ActiveCfg = Debug|Any CPU
		{3EEDB5D5-F198-4FF6-BD25-74375AF094EF}.Debug|x86.Build.0 = Debug|Any CPU
		{3EEDB5D5-F198-4FF6-BD25-74375AF094EF}.Release|Any CPU.ActiveCfg = Release|Any CPU
		{3EEDB5D5-F198-4FF6-BD25-74375AF094EF}.Release|Any CPU.Build.0 = Release|Any CPU
		{3EEDB5D5-F198-4FF6-BD25-74375AF094EF}.Release|x64.ActiveCfg = Release|Any CPU
		{3EEDB5D5-F198-4FF6-BD25-74375AF094EF}.Release|x64.Build.0 = Release|Any CPU
		{3EEDB5D5-F198-4FF6-BD25-74375AF094EF}.Release|x86.ActiveCfg = Release|Any CPU
		{3EEDB5D5-F198-4FF6-BD25-74375AF094EF}.Release|x86.Build.0 = Release|Any CPU
		{E80008B9-7631-44C9-B983-3627616E4CEC}.Debug|Any CPU.ActiveCfg = Debug|Any CPU
		{E80008B9-7631-44C9-B983-3627616E4CEC}.Debug|Any CPU.Build.0 = Debug|Any CPU
		{E80008B9-7631-44C9-B983-3627616E4CEC}.Debug|x64.ActiveCfg = Debug|Any CPU
		{E80008B9-7631-44C9-B983-3627616E4CEC}.Debug|x64.Build.0 = Debug|Any CPU
		{E80008B9-7631-44C9-B983-3627616E4CEC}.Debug|x86.ActiveCfg = Debug|Any CPU
		{E80008B9-7631-44C9-B983-3627616E4CEC}.Debug|x86.Build.0 = Debug|Any CPU
		{E80008B9-7631-44C9-B983-3627616E4CEC}.Release|Any CPU.ActiveCfg = Release|Any CPU
		{E80008B9-7631-44C9-B983-3627616E4CEC}.Release|Any CPU.Build.0 = Release|Any CPU
		{E80008B9-7631-44C9-B983-3627616E4CEC}.Release|x64.ActiveCfg = Release|Any CPU
		{E80008B9-7631-44C9-B983-3627616E4CEC}.Release|x64.Build.0 = Release|Any CPU
		{E80008B9-7631-44C9-B983-3627616E4CEC}.Release|x86.ActiveCfg = Release|Any CPU
		{E80008B9-7631-44C9-B983-3627616E4CEC}.Release|x86.Build.0 = Release|Any CPU
	EndGlobalSection
EndGlobal
